
Microsoft Visual Studio Solution File, Format Version 11.00
# Visual Studio 2010
Project("{FAE04EC0-301F-11D3-BF4B-00C04F79EFBC}") = "UniRx", "UniRx.csproj", "{279c0921-61c2-5955-364e-29fc89ca04c5}"
EndProject
Project("{FAE04EC0-301F-11D3-BF4B-00C04F79EFBC}") = "Assembly-CSharp", "Assembly-CSharp.csproj", "{52d6b9e2-4dd2-2373-f41f-7d205669626f}"
EndProject
Project("{FAE04EC0-301F-11D3-BF4B-00C04F79EFBC}") = "UniRx.Examples", "UniRx.Examples.csproj", "{1ec7633f-0743-d47e-762f-16310d5b688f}"
EndProject
Project("{FAE04EC0-301F-11D3-BF4B-00C04F79EFBC}") = "Assembly-CSharp-firstpass", "Assembly-CSharp-firstpass.csproj", "{333d15e4-ba23-d176-f1d6-68eed60551d7}"
EndProject
Project("{FAE04EC0-301F-11D3-BF4B-00C04F79EFBC}") = "Assembly-CSharp-Editor", "Assembly-CSharp-Editor.csproj", "{baa89d64-69b3-3b18-69e1-22807a9b6a51}"
EndProject
Project("{FAE04EC0-301F-11D3-BF4B-00C04F79EFBC}") = "Assembly-CSharp-Editor-firstpass", "Assembly-CSharp-Editor-firstpass.csproj", "{637b3ce8-e442-4558-1a5e-ead2588a33b7}"
EndProject
Global
	GlobalSection(SolutionConfigurationPlatforms) = preSolution
		Debug|Any CPU = Debug|Any CPU
	EndGlobalSection
	GlobalSection(ProjectConfigurationPlatforms) = postSolution
		{279c0921-61c2-5955-364e-29fc89ca04c5}.Debug|Any CPU.ActiveCfg = Debug|Any CPU
		{279c0921-61c2-5955-364e-29fc89ca04c5}.Debug|Any CPU.Build.0 = Debug|Any CPU
		{52d6b9e2-4dd2-2373-f41f-7d205669626f}.Debug|Any CPU.ActiveCfg = Debug|Any CPU
		{52d6b9e2-4dd2-2373-f41f-7d205669626f}.Debug|Any CPU.Build.0 = Debug|Any CPU
		{1ec7633f-0743-d47e-762f-16310d5b688f}.Debug|Any CPU.ActiveCfg = Debug|Any CPU
		{1ec7633f-0743-d47e-762f-16310d5b688f}.Debug|Any CPU.Build.0 = Debug|Any CPU
		{333d15e4-ba23-d176-f1d6-68eed60551d7}.Debug|Any CPU.ActiveCfg = Debug|Any CPU
		{333d15e4-ba23-d176-f1d6-68eed60551d7}.Debug|Any CPU.Build.0 = Debug|Any CPU
		{baa89d64-69b3-3b18-69e1-22807a9b6a51}.Debug|Any CPU.ActiveCfg = Debug|Any CPU
		{baa89d64-69b3-3b18-69e1-22807a9b6a51}.Debug|Any CPU.Build.0 = Debug|Any CPU
		{637b3ce8-e442-4558-1a5e-ead2588a33b7}.Debug|Any CPU.ActiveCfg = Debug|Any CPU
		{637b3ce8-e442-4558-1a5e-ead2588a33b7}.Debug|Any CPU.Build.0 = Debug|Any CPU
	EndGlobalSection
	GlobalSection(SolutionProperties) = preSolution
		HideSolutionNode = FALSE
	EndGlobalSection
EndGlobal
